
Microsoft Visual Studio Solution File, Format Version 12.00
# Visual Studio Version 16
VisualStudioVersion = 25.0.1706.9
MinimumVisualStudioVersion = 10.0.40219.1
Project("{FAE04EC0-301F-11D3-BF4B-00C04F79EFBC}") = "baking website", "baking website\baking website.csproj", "{6665B7DF-4E58-40E9-AF49-3662BD122CA1}"
EndProject
Global
	GlobalSection(SolutionConfigurationPlatforms) = preSolution
		Debug|Any CPU = Debug|Any CPU
		Release|Any CPU = Release|Any CPU
	EndGlobalSection
	GlobalSection(ProjectConfigurationPlatforms) = postSolution
		{6665B7DF-4E58-40E9-AF49-3662BD122CA1}.Debug|Any CPU.ActiveCfg = Debug|Any CPU
		{6665B7DF-4E58-40E9-AF49-3662BD122CA1}.Debug|Any CPU.Build.0 = Debug|Any CPU
		{6665B7DF-4E58-40E9-AF49-3662BD122CA1}.Release|Any CPU.ActiveCfg = Release|Any CPU
		{6665B7DF-4E58-40E9-AF49-3662BD122CA1}.Release|Any CPU.Build.0 = Release|Any CPU
	EndGlobalSection
	GlobalSection(SolutionProperties) = preSolution
		HideSolutionNode = FALSE
	EndGlobalSection
	GlobalSection(ExtensibilityGlobals) = postSolution
		SolutionGuid = {BEF234D3-05A8-4463-AFF2-1FA9DA93BC63}
	EndGlobalSection
EndGlobal
